
Microsoft Visual Studio Solution File, Format Version 12.00
# Visual Studio Version 16
VisualStudioVersion = 16.0.32413.511
MinimumVisualStudioVersion = 10.0.40219.1
Project("{FAE04EC0-301F-11D3-BF4B-00C04F79EFBC}") = "EstruturaRepetiçãoExpoente3", "EstruturaRepetiçãoExpoente3.csproj", "{8433221B-8729-4645-BB97-80D153835CB3}"
EndProject
Global
	GlobalSection(SolutionConfigurationPlatforms) = preSolution
		Debug|Any CPU = Debug|Any CPU
		Release|Any CPU = Release|Any CPU
	EndGlobalSection
	GlobalSection(ProjectConfigurationPlatforms) = postSolution
		{8433221B-8729-4645-BB97-80D153835CB3}.Debug|Any CPU.ActiveCfg = Debug|Any CPU
		{8433221B-8729-4645-BB97-80D153835CB3}.Debug|Any CPU.Build.0 = Debug|Any CPU
		{8433221B-8729-4645-BB97-80D153835CB3}.Release|Any CPU.ActiveCfg = Release|Any CPU
		{8433221B-8729-4645-BB97-80D153835CB3}.Release|Any CPU.Build.0 = Release|Any CPU
	EndGlobalSection
	GlobalSection(SolutionProperties) = preSolution
		HideSolutionNode = FALSE
	EndGlobalSection
	GlobalSection(ExtensibilityGlobals) = postSolution
		SolutionGuid = {1EDC8828-F2B1-41EE-B3FB-7197F9E21391}
	EndGlobalSection
EndGlobal
