
Microsoft Visual Studio Solution File, Format Version 12.00
# Visual Studio Version 16
VisualStudioVersion = 16.0.32002.261
MinimumVisualStudioVersion = 10.0.40219.1
Project("{FAE04EC0-301F-11D3-BF4B-00C04F79EFBC}") = "EstruturaCondicionalDiasNoMes", "EstruturaCondicionalDiasNoMes.csproj", "{FA28B80C-44E7-4778-8FD0-E7CD907CE7AD}"
EndProject
Global
	GlobalSection(SolutionConfigurationPlatforms) = preSolution
		Debug|Any CPU = Debug|Any CPU
		Release|Any CPU = Release|Any CPU
	EndGlobalSection
	GlobalSection(ProjectConfigurationPlatforms) = postSolution
		{FA28B80C-44E7-4778-8FD0-E7CD907CE7AD}.Debug|Any CPU.ActiveCfg = Debug|Any CPU
		{FA28B80C-44E7-4778-8FD0-E7CD907CE7AD}.Debug|Any CPU.Build.0 = Debug|Any CPU
		{FA28B80C-44E7-4778-8FD0-E7CD907CE7AD}.Release|Any CPU.ActiveCfg = Release|Any CPU
		{FA28B80C-44E7-4778-8FD0-E7CD907CE7AD}.Release|Any CPU.Build.0 = Release|Any CPU
	EndGlobalSection
	GlobalSection(SolutionProperties) = preSolution
		HideSolutionNode = FALSE
	EndGlobalSection
	GlobalSection(ExtensibilityGlobals) = postSolution
		SolutionGuid = {544B5C69-A9E2-4694-B1FF-CC0172528873}
	EndGlobalSection
EndGlobal
