
Microsoft Visual Studio Solution File, Format Version 12.00
# Visual Studio Version 16
VisualStudioVersion = 16.0.32413.511
MinimumVisualStudioVersion = 10.0.40219.1
Project("{FAE04EC0-301F-11D3-BF4B-00C04F79EFBC}") = "CondicionalDivi2e3", "CondicionalDivi2e3.csproj", "{4DCAAAED-C2A8-4F1F-9C2E-4FCA27E4C75A}"
EndProject
Global
	GlobalSection(SolutionConfigurationPlatforms) = preSolution
		Debug|Any CPU = Debug|Any CPU
		Release|Any CPU = Release|Any CPU
	EndGlobalSection
	GlobalSection(ProjectConfigurationPlatforms) = postSolution
		{4DCAAAED-C2A8-4F1F-9C2E-4FCA27E4C75A}.Debug|Any CPU.ActiveCfg = Debug|Any CPU
		{4DCAAAED-C2A8-4F1F-9C2E-4FCA27E4C75A}.Debug|Any CPU.Build.0 = Debug|Any CPU
		{4DCAAAED-C2A8-4F1F-9C2E-4FCA27E4C75A}.Release|Any CPU.ActiveCfg = Release|Any CPU
		{4DCAAAED-C2A8-4F1F-9C2E-4FCA27E4C75A}.Release|Any CPU.Build.0 = Release|Any CPU
	EndGlobalSection
	GlobalSection(SolutionProperties) = preSolution
		HideSolutionNode = FALSE
	EndGlobalSection
	GlobalSection(ExtensibilityGlobals) = postSolution
		SolutionGuid = {078CA507-9520-49A0-AA14-3F9E11CCFBF4}
	EndGlobalSection
EndGlobal
