
Microsoft Visual Studio Solution File, Format Version 12.00
# Visual Studio Version 16
VisualStudioVersion = 16.0.32413.511
MinimumVisualStudioVersion = 10.0.40219.1
Project("{FAE04EC0-301F-11D3-BF4B-00C04F79EFBC}") = "CondicionalDiferençaMaiorMenor", "CondicionalDiferençaMaiorMenor.csproj", "{DC06FEFC-C79F-419B-B24F-3DF1AE417501}"
EndProject
Global
	GlobalSection(SolutionConfigurationPlatforms) = preSolution
		Debug|Any CPU = Debug|Any CPU
		Release|Any CPU = Release|Any CPU
	EndGlobalSection
	GlobalSection(ProjectConfigurationPlatforms) = postSolution
		{DC06FEFC-C79F-419B-B24F-3DF1AE417501}.Debug|Any CPU.ActiveCfg = Debug|Any CPU
		{DC06FEFC-C79F-419B-B24F-3DF1AE417501}.Debug|Any CPU.Build.0 = Debug|Any CPU
		{DC06FEFC-C79F-419B-B24F-3DF1AE417501}.Release|Any CPU.ActiveCfg = Release|Any CPU
		{DC06FEFC-C79F-419B-B24F-3DF1AE417501}.Release|Any CPU.Build.0 = Release|Any CPU
	EndGlobalSection
	GlobalSection(SolutionProperties) = preSolution
		HideSolutionNode = FALSE
	EndGlobalSection
	GlobalSection(ExtensibilityGlobals) = postSolution
		SolutionGuid = {F516AB62-A2EF-4F18-9E15-D6B93319826B}
	EndGlobalSection
EndGlobal
