
Microsoft Visual Studio Solution File, Format Version 12.00
# Visual Studio Version 16
VisualStudioVersion = 16.0.32002.261
MinimumVisualStudioVersion = 10.0.40219.1
Project("{FAE04EC0-301F-11D3-BF4B-00C04F79EFBC}") = "CalculoSalario", "CalculoSalario.csproj", "{EBCA5FA6-A761-4DC4-A6FA-31D0693469FA}"
EndProject
Global
	GlobalSection(SolutionConfigurationPlatforms) = preSolution
		Debug|Any CPU = Debug|Any CPU
		Release|Any CPU = Release|Any CPU
	EndGlobalSection
	GlobalSection(ProjectConfigurationPlatforms) = postSolution
		{EBCA5FA6-A761-4DC4-A6FA-31D0693469FA}.Debug|Any CPU.ActiveCfg = Debug|Any CPU
		{EBCA5FA6-A761-4DC4-A6FA-31D0693469FA}.Debug|Any CPU.Build.0 = Debug|Any CPU
		{EBCA5FA6-A761-4DC4-A6FA-31D0693469FA}.Release|Any CPU.ActiveCfg = Release|Any CPU
		{EBCA5FA6-A761-4DC4-A6FA-31D0693469FA}.Release|Any CPU.Build.0 = Release|Any CPU
	EndGlobalSection
	GlobalSection(SolutionProperties) = preSolution
		HideSolutionNode = FALSE
	EndGlobalSection
	GlobalSection(ExtensibilityGlobals) = postSolution
		SolutionGuid = {3C639025-DD3B-4B50-965A-D42DFAFE56CB}
	EndGlobalSection
EndGlobal
