
Microsoft Visual Studio Solution File, Format Version 12.00
# Visual Studio Version 16
VisualStudioVersion = 16.0.32413.511
MinimumVisualStudioVersion = 10.0.40219.1
Project("{FAE04EC0-301F-11D3-BF4B-00C04F79EFBC}") = "CondicionalOrdemCrescente", "CondicionalOrdemCrescente.csproj", "{1E8A3951-5AE7-425F-AF21-508AEEE4D77D}"
EndProject
Global
	GlobalSection(SolutionConfigurationPlatforms) = preSolution
		Debug|Any CPU = Debug|Any CPU
		Release|Any CPU = Release|Any CPU
	EndGlobalSection
	GlobalSection(ProjectConfigurationPlatforms) = postSolution
		{1E8A3951-5AE7-425F-AF21-508AEEE4D77D}.Debug|Any CPU.ActiveCfg = Debug|Any CPU
		{1E8A3951-5AE7-425F-AF21-508AEEE4D77D}.Debug|Any CPU.Build.0 = Debug|Any CPU
		{1E8A3951-5AE7-425F-AF21-508AEEE4D77D}.Release|Any CPU.ActiveCfg = Release|Any CPU
		{1E8A3951-5AE7-425F-AF21-508AEEE4D77D}.Release|Any CPU.Build.0 = Release|Any CPU
	EndGlobalSection
	GlobalSection(SolutionProperties) = preSolution
		HideSolutionNode = FALSE
	EndGlobalSection
	GlobalSection(ExtensibilityGlobals) = postSolution
		SolutionGuid = {7FFF5188-425D-4571-9B92-F5E34FA8EC76}
	EndGlobalSection
EndGlobal
