
Microsoft Visual Studio Solution File, Format Version 12.00
# Visual Studio Version 16
VisualStudioVersion = 16.0.32002.261
MinimumVisualStudioVersion = 10.0.40219.1
Project("{FAE04EC0-301F-11D3-BF4B-00C04F79EFBC}") = "CondicionalNomeSexo", "CondicionalNomeSexo.csproj", "{A475949F-5488-401B-B08B-5F4C138A5271}"
EndProject
Global
	GlobalSection(SolutionConfigurationPlatforms) = preSolution
		Debug|Any CPU = Debug|Any CPU
		Release|Any CPU = Release|Any CPU
	EndGlobalSection
	GlobalSection(ProjectConfigurationPlatforms) = postSolution
		{A475949F-5488-401B-B08B-5F4C138A5271}.Debug|Any CPU.ActiveCfg = Debug|Any CPU
		{A475949F-5488-401B-B08B-5F4C138A5271}.Debug|Any CPU.Build.0 = Debug|Any CPU
		{A475949F-5488-401B-B08B-5F4C138A5271}.Release|Any CPU.ActiveCfg = Release|Any CPU
		{A475949F-5488-401B-B08B-5F4C138A5271}.Release|Any CPU.Build.0 = Release|Any CPU
	EndGlobalSection
	GlobalSection(SolutionProperties) = preSolution
		HideSolutionNode = FALSE
	EndGlobalSection
	GlobalSection(ExtensibilityGlobals) = postSolution
		SolutionGuid = {74A37169-0947-44A6-BB44-E056EA2F0CA2}
	EndGlobalSection
EndGlobal
