
Microsoft Visual Studio Solution File, Format Version 12.00
# Visual Studio Version 16
VisualStudioVersion = 16.0.32413.511
MinimumVisualStudioVersion = 10.0.40219.1
Project("{FAE04EC0-301F-11D3-BF4B-00C04F79EFBC}") = "EstruturaRepetiçãoSomaMulti3mbox", "EstruturaRepetiçãoSomaMulti3mbox.csproj", "{E3CAE60A-0F35-43CE-846F-325C93BD301D}"
EndProject
Global
	GlobalSection(SolutionConfigurationPlatforms) = preSolution
		Debug|Any CPU = Debug|Any CPU
		Release|Any CPU = Release|Any CPU
	EndGlobalSection
	GlobalSection(ProjectConfigurationPlatforms) = postSolution
		{E3CAE60A-0F35-43CE-846F-325C93BD301D}.Debug|Any CPU.ActiveCfg = Debug|Any CPU
		{E3CAE60A-0F35-43CE-846F-325C93BD301D}.Debug|Any CPU.Build.0 = Debug|Any CPU
		{E3CAE60A-0F35-43CE-846F-325C93BD301D}.Release|Any CPU.ActiveCfg = Release|Any CPU
		{E3CAE60A-0F35-43CE-846F-325C93BD301D}.Release|Any CPU.Build.0 = Release|Any CPU
	EndGlobalSection
	GlobalSection(SolutionProperties) = preSolution
		HideSolutionNode = FALSE
	EndGlobalSection
	GlobalSection(ExtensibilityGlobals) = postSolution
		SolutionGuid = {9A4B647D-4E2D-4D94-83F4-7FC75D68F77E}
	EndGlobalSection
EndGlobal
