
Microsoft Visual Studio Solution File, Format Version 12.00
# Visual Studio Version 16
VisualStudioVersion = 16.0.32413.511
MinimumVisualStudioVersion = 10.0.40219.1
Project("{FAE04EC0-301F-11D3-BF4B-00C04F79EFBC}") = "EstruturaRepetiçãoDivi3ou4", "EstruturaRepetiçãoDivi3ou4.csproj", "{A77CB5E4-6499-4B7B-B8FF-F8C101D03ED2}"
EndProject
Global
	GlobalSection(SolutionConfigurationPlatforms) = preSolution
		Debug|Any CPU = Debug|Any CPU
		Release|Any CPU = Release|Any CPU
	EndGlobalSection
	GlobalSection(ProjectConfigurationPlatforms) = postSolution
		{A77CB5E4-6499-4B7B-B8FF-F8C101D03ED2}.Debug|Any CPU.ActiveCfg = Debug|Any CPU
		{A77CB5E4-6499-4B7B-B8FF-F8C101D03ED2}.Debug|Any CPU.Build.0 = Debug|Any CPU
		{A77CB5E4-6499-4B7B-B8FF-F8C101D03ED2}.Release|Any CPU.ActiveCfg = Release|Any CPU
		{A77CB5E4-6499-4B7B-B8FF-F8C101D03ED2}.Release|Any CPU.Build.0 = Release|Any CPU
	EndGlobalSection
	GlobalSection(SolutionProperties) = preSolution
		HideSolutionNode = FALSE
	EndGlobalSection
	GlobalSection(ExtensibilityGlobals) = postSolution
		SolutionGuid = {BB60D7D8-0995-4867-9B3C-995BB081E658}
	EndGlobalSection
EndGlobal
